
Microsoft Visual Studio Solution File, Format Version 12.00
# Visual Studio Version 17
VisualStudioVersion = 17.5.33516.290
MinimumVisualStudioVersion = 10.0.40219.1
Project("{8BC9CEB8-8B4A-11D0-8D11-00A0C91BC942}") = "21.05(1)", "21.05(1)\21.05(1).vcxproj", "{00F00EE3-31B1-409C-8782-DE5250397E88}"
EndProject
Global
	GlobalSection(SolutionConfigurationPlatforms) = preSolution
		Debug|x64 = Debug|x64
		Debug|x86 = Debug|x86
		Release|x64 = Release|x64
		Release|x86 = Release|x86
	EndGlobalSection
	GlobalSection(ProjectConfigurationPlatforms) = postSolution
		{00F00EE3-31B1-409C-8782-DE5250397E88}.Debug|x64.ActiveCfg = Debug|x64
		{00F00EE3-31B1-409C-8782-DE5250397E88}.Debug|x64.Build.0 = Debug|x64
		{00F00EE3-31B1-409C-8782-DE5250397E88}.Debug|x86.ActiveCfg = Debug|Win32
		{00F00EE3-31B1-409C-8782-DE5250397E88}.Debug|x86.Build.0 = Debug|Win32
		{00F00EE3-31B1-409C-8782-DE5250397E88}.Release|x64.ActiveCfg = Release|x64
		{00F00EE3-31B1-409C-8782-DE5250397E88}.Release|x64.Build.0 = Release|x64
		{00F00EE3-31B1-409C-8782-DE5250397E88}.Release|x86.ActiveCfg = Release|Win32
		{00F00EE3-31B1-409C-8782-DE5250397E88}.Release|x86.Build.0 = Release|Win32
	EndGlobalSection
	GlobalSection(SolutionProperties) = preSolution
		HideSolutionNode = FALSE
	EndGlobalSection
	GlobalSection(ExtensibilityGlobals) = postSolution
		SolutionGuid = {638A2F48-3D22-4C9C-9FBB-42827B4BB856}
	EndGlobalSection
EndGlobal
